# THIS IS AN AUTOGENERATED FILE. DO NOT EDIT THIS FILE DIRECTLY.
# yarn lockfile v1


"@babel/core@^7.22.5":
  version "7.22.5"
  resolved "https://registry.yarnpkg.com/@babel/core/-/core-7.22.5.tgz"
  integrity sha512-SBuTAjg91A3eKOvD62tr+rQDfkeyDJlN6/y0/4LSsdMtDK6hfHlqCcM1UMhXlBPuVKKllC/HVOkqdxbSrGbRfw==

"@babel/eslint-parser@7.25.9":
  version "7.25.9"
  resolved "https://registry.yarnpkg.com/@babel/eslint-parser/-/eslint-parser-7.25.9.tgz"
  integrity sha512-5UXfgpK0j0Xr/xIdgdLEhOFxaDZ0bRPWJJchRpqOSur/3rZoPbqqki5mm0p4NE2cs28krBEiSM2MB7//afRSQQ==

"@babel/preset-env@^7.22.5":
  version "7.22.5"
  resolved "https://registry.yarnpkg.com/@babel/preset-env/-/preset-env-7.22.5.tgz"
  integrity sha512-fj06hw89dX7v2bDPzSbf5mZvJl82RdDg3LKy5BEN32PwShLbQygOw8IIH6hqBNmhD6NBNVDkhiCSqZKsGqZrXQ== 